{
  "object": {
    "pins": [
      {
        "package": "Library",
        "repositoryURL": "git@github.com:NandoSalvaterra/Library.git",
        "state": {
          "branch": null,
          "revision": "353498eb21014f17005e796597c76a25410f67ee",
          "version": "2.0.1"
        }
      }
    ]
  },
  "version": 1
}
